
Microsoft Visual Studio Solution File, Format Version 12.00
# Visual Studio Version 17
VisualStudioVersion = 17.0.32126.317
MinimumVisualStudioVersion = 10.0.40219.1
Project("{FAE04EC0-301F-11D3-BF4B-00C04F79EFBC}") = "loginform", "loginform.csproj", "{CF31257B-CD30-4349-BF43-8E0A4708EA00}"
EndProject
Global
	GlobalSection(SolutionConfigurationPlatforms) = preSolution
		Debug|Any CPU = Debug|Any CPU
		Release|Any CPU = Release|Any CPU
	EndGlobalSection
	GlobalSection(ProjectConfigurationPlatforms) = postSolution
		{CF31257B-CD30-4349-BF43-8E0A4708EA00}.Debug|Any CPU.ActiveCfg = Debug|Any CPU
		{CF31257B-CD30-4349-BF43-8E0A4708EA00}.Debug|Any CPU.Build.0 = Debug|Any CPU
		{CF31257B-CD30-4349-BF43-8E0A4708EA00}.Release|Any CPU.ActiveCfg = Release|Any CPU
		{CF31257B-CD30-4349-BF43-8E0A4708EA00}.Release|Any CPU.Build.0 = Release|Any CPU
	EndGlobalSection
	GlobalSection(SolutionProperties) = preSolution
		HideSolutionNode = FALSE
	EndGlobalSection
	GlobalSection(ExtensibilityGlobals) = postSolution
		SolutionGuid = {8C6DB629-393C-467B-9BCE-F67D5FCCA123}
	EndGlobalSection
EndGlobal
